
Microsoft Visual Studio Solution File, Format Version 12.00
# Visual Studio Version 16
VisualStudioVersion = 16.0.31515.178
MinimumVisualStudioVersion = 10.0.40219.1
Project("{FAE04EC0-301F-11D3-BF4B-00C04F79EFBC}") = "Tin_ReadyTech", "Tin_ReadyTech\Tin_ReadyTech.csproj", "{AB299440-A7CB-4068-84B5-C121BA4CA1B6}"
EndProject
Global
	GlobalSection(SolutionConfigurationPlatforms) = preSolution
		Debug|Any CPU = Debug|Any CPU
		Release|Any CPU = Release|Any CPU
	EndGlobalSection
	GlobalSection(ProjectConfigurationPlatforms) = postSolution
		{AB299440-A7CB-4068-84B5-C121BA4CA1B6}.Debug|Any CPU.ActiveCfg = Debug|Any CPU
		{AB299440-A7CB-4068-84B5-C121BA4CA1B6}.Debug|Any CPU.Build.0 = Debug|Any CPU
		{AB299440-A7CB-4068-84B5-C121BA4CA1B6}.Release|Any CPU.ActiveCfg = Release|Any CPU
		{AB299440-A7CB-4068-84B5-C121BA4CA1B6}.Release|Any CPU.Build.0 = Release|Any CPU
	EndGlobalSection
	GlobalSection(SolutionProperties) = preSolution
		HideSolutionNode = FALSE
	EndGlobalSection
	GlobalSection(ExtensibilityGlobals) = postSolution
		SolutionGuid = {84E6F0B9-A4AE-4E28-9BE5-39641CBED8A1}
	EndGlobalSection
EndGlobal
